{
  "version": 4,
  "terraform_version": "1.3.7",
  "serial": 131,
  "lineage": "23c2c380-f56b-e611-8d7a-3d93a6508086",
  "outputs": {},
  "resources": [
    {
      "mode": "managed",
      "type": "aws_internet_gateway",
      "name": "theoross-ig",
      "provider": "provider[\"registry.terraform.io/hashicorp/aws\"]",
      "instances": [
        {
          "schema_version": 0,
          "attributes": {
            "arn": "arn:aws:ec2:us-east-1:862686223907:internet-gateway/igw-05c7e62e217bf5777",
            "id": "igw-05c7e62e217bf5777",
            "owner_id": "862686223907",
            "tags": {
              "Name": "theoross-ig"
            },
            "tags_all": {
              "Name": "theoross-ig"
            },
            "timeouts": null,
            "vpc_id": "vpc-0180c1de4dbf45e57"
          },
          "sensitive_attributes": [],
          "private": "eyJlMmJmYjczMC1lY2FhLTExZTYtOGY4OC0zNDM2M2JjN2M0YzAiOnsiY3JlYXRlIjoxMjAwMDAwMDAwMDAwLCJkZWxldGUiOjEyMDAwMDAwMDAwMDAsInVwZGF0ZSI6MTIwMDAwMDAwMDAwMH19",
          "dependencies": [
            "aws_vpc.theoross-application-deployment"
          ]
        }
      ]
    },
    {
      "mode": "managed",
      "type": "aws_key_pair",
      "name": "deployer",
      "provider": "provider[\"registry.terraform.io/hashicorp/aws\"]",
      "instances": [
        {
          "schema_version": 1,
          "attributes": {
            "arn": "arn:aws:ec2:us-east-1:862686223907:key-pair/theoross-awskey",
            "fingerprint": "8f:9f:83:f9:13:4a:c4:6f:35:7e:63:fa:38:53:1a:e3",
            "id": "theoross-awskey",
            "key_name": "theoross-awskey",
            "key_name_prefix": "",
            "key_pair_id": "key-030304602ae8f9e5a",
            "key_type": "rsa",
            "public_key": "ssh-rsa AAAAB3NzaC1yc2EAAAADAQABAAABAQCA3pkiezT/Izm3nQXWYZ83HFfuNNXd8kZW1Wb1wLhJvPDbkpAazFqk8/XEkGnFmawljLGPX484wE1rdFGehBnEtNJCiMyGWplwSSJFLVM9sPyggp3SiMwYEq8852qAqmGrqBrMpgs574OK5NjuIxsneSOd3riqo8AqDBB7noLm4fYSfnmijrGz2CqOb7qeoVX156WQ4E+tFRT2OZ9LyT6cmsLhJBqR8i8eFgT2MP7MHJoKKqsxYvnrRWs3+QTdKxiwVuIS1i81ssXi5hYWKbpEHx/xtPXcASWd2TvgU+qSE9cMnTYrx2AuZMUMyEG2l410hJlLmcyMx8/hCYasGlbJ",
            "tags": {},
            "tags_all": {}
          },
          "sensitive_attributes": [],
          "private": "eyJzY2hlbWFfdmVyc2lvbiI6IjEifQ=="
        }
      ]
    },
    {
      "mode": "managed",
      "type": "aws_route_table",
      "name": "theoross-rt",
      "provider": "provider[\"registry.terraform.io/hashicorp/aws\"]",
      "instances": [
        {
          "schema_version": 0,
          "attributes": {
            "arn": "arn:aws:ec2:us-east-1:862686223907:route-table/rtb-0469ebb08abeb1bae",
            "id": "rtb-0469ebb08abeb1bae",
            "owner_id": "862686223907",
            "propagating_vgws": [],
            "route": [
              {
                "carrier_gateway_id": "",
                "cidr_block": "0.0.0.0/0",
                "core_network_arn": "",
                "destination_prefix_list_id": "",
                "egress_only_gateway_id": "",
                "gateway_id": "igw-05c7e62e217bf5777",
                "instance_id": "",
                "ipv6_cidr_block": "",
                "local_gateway_id": "",
                "nat_gateway_id": "",
                "network_interface_id": "",
                "transit_gateway_id": "",
                "vpc_endpoint_id": "",
                "vpc_peering_connection_id": ""
              }
            ],
            "tags": {},
            "tags_all": {},
            "timeouts": null,
            "vpc_id": "vpc-0180c1de4dbf45e57"
          },
          "sensitive_attributes": [],
          "private": "eyJlMmJmYjczMC1lY2FhLTExZTYtOGY4OC0zNDM2M2JjN2M0YzAiOnsiY3JlYXRlIjozMDAwMDAwMDAwMDAsImRlbGV0ZSI6MzAwMDAwMDAwMDAwLCJ1cGRhdGUiOjEyMDAwMDAwMDAwMH19",
          "dependencies": [
            "aws_internet_gateway.theoross-ig",
            "aws_vpc.theoross-application-deployment"
          ]
        }
      ]
    },
    {
      "mode": "managed",
      "type": "aws_vpc",
      "name": "theoross-application-deployment",
      "provider": "provider[\"registry.terraform.io/hashicorp/aws\"]",
      "instances": [
        {
          "schema_version": 1,
          "attributes": {
            "arn": "arn:aws:ec2:us-east-1:862686223907:vpc/vpc-0180c1de4dbf45e57",
            "assign_generated_ipv6_cidr_block": false,
            "cidr_block": "10.7.0.0/16",
            "default_network_acl_id": "acl-04f922065efd800a5",
            "default_route_table_id": "rtb-0022d8152fa280fd9",
            "default_security_group_id": "sg-051450ea7bcdeade0",
            "dhcp_options_id": "dopt-0298130dad1770616",
            "enable_classiclink": false,
            "enable_classiclink_dns_support": false,
            "enable_dns_hostnames": false,
            "enable_dns_support": true,
            "enable_network_address_usage_metrics": false,
            "id": "vpc-0180c1de4dbf45e57",
            "instance_tenancy": "default",
            "ipv4_ipam_pool_id": null,
            "ipv4_netmask_length": null,
            "ipv6_association_id": "",
            "ipv6_cidr_block": "",
            "ipv6_cidr_block_network_border_group": "",
            "ipv6_ipam_pool_id": "",
            "ipv6_netmask_length": 0,
            "main_route_table_id": "rtb-0022d8152fa280fd9",
            "owner_id": "862686223907",
            "tags": {
              "Name": "theoross-application-deployment-vpc"
            },
            "tags_all": {
              "Name": "theoross-application-deployment-vpc"
            }
          },
          "sensitive_attributes": [],
          "private": "eyJzY2hlbWFfdmVyc2lvbiI6IjEifQ=="
        }
      ]
    },
    {
      "module": "module.application-tier",
      "mode": "managed",
      "type": "aws_instance",
      "name": "app",
      "provider": "provider[\"registry.terraform.io/hashicorp/aws\"]",
      "instances": [
        {
          "schema_version": 1,
          "attributes": {
            "ami": "ami-097ed995a6ede1d1b",
            "arn": "arn:aws:ec2:us-east-1:862686223907:instance/i-02edb0c05a34f9dfd",
            "associate_public_ip_address": true,
            "availability_zone": "us-east-1f",
            "capacity_reservation_specification": [
              {
                "capacity_reservation_preference": "open",
                "capacity_reservation_target": []
              }
            ],
            "cpu_core_count": 1,
            "cpu_threads_per_core": 1,
            "credit_specification": [],
            "disable_api_stop": false,
            "disable_api_termination": false,
            "ebs_block_device": [],
            "ebs_optimized": false,
            "enclave_options": [
              {
                "enabled": false
              }
            ],
            "ephemeral_block_device": [],
            "get_password_data": false,
            "hibernation": false,
            "host_id": "",
            "host_resource_group_arn": null,
            "iam_instance_profile": "",
            "id": "i-02edb0c05a34f9dfd",
            "instance_initiated_shutdown_behavior": "stop",
            "instance_state": "running",
            "instance_type": "t1.micro",
            "ipv6_address_count": 0,
            "ipv6_addresses": [],
            "key_name": "theoross-awskey",
            "launch_template": [],
            "maintenance_options": [
              {
                "auto_recovery": "default"
              }
            ],
            "metadata_options": [
              {
                "http_endpoint": "enabled",
                "http_put_response_hop_limit": 1,
                "http_tokens": "optional",
                "instance_metadata_tags": "disabled"
              }
            ],
            "monitoring": false,
            "network_interface": [],
            "outpost_arn": "",
            "password_data": "",
            "placement_group": "",
            "placement_partition_number": 0,
            "primary_network_interface_id": "eni-014deac0917deb958",
            "private_dns": "ip-10-7-0-228.ec2.internal",
            "private_dns_name_options": [
              {
                "enable_resource_name_dns_a_record": false,
                "enable_resource_name_dns_aaaa_record": false,
                "hostname_type": "ip-name"
              }
            ],
            "private_ip": "10.7.0.228",
            "public_dns": "",
            "public_ip": "3.85.224.243",
            "root_block_device": [
              {
                "delete_on_termination": true,
                "device_name": "/dev/sda1",
                "encrypted": false,
                "iops": 100,
                "kms_key_id": "",
                "tags": {},
                "throughput": 0,
                "volume_id": "vol-0257cef6bd2a34c51",
                "volume_size": 8,
                "volume_type": "gp2"
              }
            ],
            "secondary_private_ips": [],
            "security_groups": [],
            "source_dest_check": true,
            "subnet_id": "subnet-0617cdac31c3fde6a",
            "tags": {
              "Name": "theoross-app"
            },
            "tags_all": {
              "Name": "theoross-app"
            },
            "tenancy": "default",
            "timeouts": null,
            "user_data": "e78971857b7314a3068722d4716b22b5c041c118",
            "user_data_base64": null,
            "user_data_replace_on_change": false,
            "volume_tags": null,
            "vpc_security_group_ids": [
              "sg-077455eb3a7993e36"
            ]
          },
          "sensitive_attributes": [],
          "private": "eyJlMmJmYjczMC1lY2FhLTExZTYtOGY4OC0zNDM2M2JjN2M0YzAiOnsiY3JlYXRlIjo2MDAwMDAwMDAwMDAsImRlbGV0ZSI6MTIwMDAwMDAwMDAwMCwidXBkYXRlIjo2MDAwMDAwMDAwMDB9LCJzY2hlbWFfdmVyc2lvbiI6IjEifQ==",
          "dependencies": [
            "aws_vpc.theoross-application-deployment",
            "module.application-tier.aws_security_group.theoross-sg-group",
            "module.application-tier.aws_subnet.theoross-app-subnet"
          ]
        }
      ]
    },
    {
      "module": "module.application-tier",
      "mode": "managed",
      "type": "aws_route_table_association",
      "name": "theoross-app-rta",
      "provider": "provider[\"registry.terraform.io/hashicorp/aws\"]",
      "instances": [
        {
          "schema_version": 0,
          "attributes": {
            "gateway_id": "",
            "id": "rtbassoc-02ac35d088011e443",
            "route_table_id": "rtb-0469ebb08abeb1bae",
            "subnet_id": "subnet-0617cdac31c3fde6a"
          },
          "sensitive_attributes": [],
          "private": "bnVsbA==",
          "dependencies": [
            "aws_internet_gateway.theoross-ig",
            "aws_route_table.theoross-rt",
            "aws_vpc.theoross-application-deployment",
            "module.application-tier.aws_subnet.theoross-app-subnet"
          ]
        }
      ]
    },
    {
      "module": "module.application-tier",
      "mode": "managed",
      "type": "aws_security_group",
      "name": "theoross-sg-group",
      "provider": "provider[\"registry.terraform.io/hashicorp/aws\"]",
      "instances": [
        {
          "schema_version": 1,
          "attributes": {
            "arn": "arn:aws:ec2:us-east-1:862686223907:security-group/sg-077455eb3a7993e36",
            "description": "Alllow all inbound traffic",
            "egress": [
              {
                "cidr_blocks": [
                  "0.0.0.0/0"
                ],
                "description": "",
                "from_port": 0,
                "ipv6_cidr_blocks": [],
                "prefix_list_ids": [],
                "protocol": "-1",
                "security_groups": [],
                "self": false,
                "to_port": 0
              }
            ],
            "id": "sg-077455eb3a7993e36",
            "ingress": [
              {
                "cidr_blocks": [
                  "0.0.0.0/0"
                ],
                "description": "",
                "from_port": 80,
                "ipv6_cidr_blocks": [],
                "prefix_list_ids": [],
                "protocol": "tcp",
                "security_groups": [],
                "self": false,
                "to_port": 80
              },
              {
                "cidr_blocks": [
                  "86.111.139.40/32"
                ],
                "description": "",
                "from_port": 20,
                "ipv6_cidr_blocks": [],
                "prefix_list_ids": [],
                "protocol": "tcp",
                "security_groups": [],
                "self": false,
                "to_port": 20
              }
            ],
            "name": "theoross-app-sg",
            "name_prefix": "",
            "owner_id": "862686223907",
            "revoke_rules_on_delete": false,
            "tags": {
              "Name": "theoross-app-sg"
            },
            "tags_all": {
              "Name": "theoross-app-sg"
            },
            "timeouts": null,
            "vpc_id": "vpc-0180c1de4dbf45e57"
          },
          "sensitive_attributes": [],
          "private": "eyJlMmJmYjczMC1lY2FhLTExZTYtOGY4OC0zNDM2M2JjN2M0YzAiOnsiY3JlYXRlIjo2MDAwMDAwMDAwMDAsImRlbGV0ZSI6OTAwMDAwMDAwMDAwfSwic2NoZW1hX3ZlcnNpb24iOiIxIn0=",
          "dependencies": [
            "aws_vpc.theoross-application-deployment"
          ]
        }
      ]
    },
    {
      "module": "module.application-tier",
      "mode": "managed",
      "type": "aws_security_group_rule",
      "name": "rule",
      "provider": "provider[\"registry.terraform.io/hashicorp/aws\"]",
      "instances": [
        {
          "index_key": 0,
          "schema_version": 2,
          "attributes": {
            "cidr_blocks": [
              "0.0.0.0/0"
            ],
            "description": "",
            "from_port": 80,
            "id": "sgrule-3745181005",
            "ipv6_cidr_blocks": null,
            "prefix_list_ids": null,
            "protocol": "tcp",
            "security_group_id": "sg-077455eb3a7993e36",
            "security_group_rule_id": "sgr-0c24caf7c37e857bd",
            "self": false,
            "source_security_group_id": null,
            "timeouts": null,
            "to_port": 80,
            "type": "ingress"
          },
          "sensitive_attributes": [],
          "private": "eyJlMmJmYjczMC1lY2FhLTExZTYtOGY4OC0zNDM2M2JjN2M0YzAiOnsiY3JlYXRlIjozMDAwMDAwMDAwMDB9LCJzY2hlbWFfdmVyc2lvbiI6IjIifQ==",
          "dependencies": [
            "aws_vpc.theoross-application-deployment",
            "module.application-tier.aws_security_group.theoross-sg-group"
          ]
        },
        {
          "index_key": 1,
          "schema_version": 2,
          "attributes": {
            "cidr_blocks": [
              "86.111.139.40/32"
            ],
            "description": null,
            "from_port": 22,
            "id": "sgrule-483871764",
            "ipv6_cidr_blocks": null,
            "prefix_list_ids": null,
            "protocol": "tcp",
            "security_group_id": "sg-077455eb3a7993e36",
            "security_group_rule_id": "sgr-0a8ec0cdb297cfbbe",
            "self": false,
            "source_security_group_id": null,
            "timeouts": null,
            "to_port": 22,
            "type": "ingress"
          },
          "sensitive_attributes": [],
          "private": "eyJlMmJmYjczMC1lY2FhLTExZTYtOGY4OC0zNDM2M2JjN2M0YzAiOnsiY3JlYXRlIjozMDAwMDAwMDAwMDB9LCJzY2hlbWFfdmVyc2lvbiI6IjIifQ==",
          "dependencies": [
            "module.application-tier.aws_security_group.theoross-sg-group"
          ]
        }
      ]
    },
    {
      "module": "module.application-tier",
      "mode": "managed",
      "type": "aws_subnet",
      "name": "theoross-app-subnet",
      "provider": "provider[\"registry.terraform.io/hashicorp/aws\"]",
      "instances": [
        {
          "schema_version": 1,
          "attributes": {
            "arn": "arn:aws:ec2:us-east-1:862686223907:subnet/subnet-0617cdac31c3fde6a",
            "assign_ipv6_address_on_creation": false,
            "availability_zone": "us-east-1f",
            "availability_zone_id": "use1-az5",
            "cidr_block": "10.7.0.0/24",
            "customer_owned_ipv4_pool": "",
            "enable_dns64": false,
            "enable_resource_name_dns_a_record_on_launch": false,
            "enable_resource_name_dns_aaaa_record_on_launch": false,
            "id": "subnet-0617cdac31c3fde6a",
            "ipv6_cidr_block": "",
            "ipv6_cidr_block_association_id": "",
            "ipv6_native": false,
            "map_customer_owned_ip_on_launch": false,
            "map_public_ip_on_launch": true,
            "outpost_arn": "",
            "owner_id": "862686223907",
            "private_dns_hostname_type_on_launch": "ip-name",
            "tags": {
              "Name": "theoross-app"
            },
            "tags_all": {
              "Name": "theoross-app"
            },
            "timeouts": null,
            "vpc_id": "vpc-0180c1de4dbf45e57"
          },
          "sensitive_attributes": [],
          "private": "eyJlMmJmYjczMC1lY2FhLTExZTYtOGY4OC0zNDM2M2JjN2M0YzAiOnsiY3JlYXRlIjo2MDAwMDAwMDAwMDAsImRlbGV0ZSI6MTIwMDAwMDAwMDAwMH0sInNjaGVtYV92ZXJzaW9uIjoiMSJ9",
          "dependencies": [
            "aws_vpc.theoross-application-deployment"
          ]
        }
      ]
    }
  ],
  "check_results": null
}
